
Microsoft Visual Studio Solution File, Format Version 12.00
# Visual Studio Version 17
VisualStudioVersion = 17.0.32014.148
MinimumVisualStudioVersion = 10.0.40219.1
Project("{9A19103F-16F7-4668-BE54-9A1E7A4F7556}") = "Entities", "Entities\Entities.csproj", "{67E186CD-4781-400D-92C1-9944EE55B1E4}"
EndProject
Project("{9A19103F-16F7-4668-BE54-9A1E7A4F7556}") = "DataAccess", "DataAccess\DataAccess.csproj", "{4E871820-64C1-4612-AD1C-137F8533A5CB}"
EndProject
Project("{9A19103F-16F7-4668-BE54-9A1E7A4F7556}") = "Business", "Business\Business.csproj", "{AD6CFB15-EE44-49B9-ABAF-EFFD6D04CAEC}"
EndProject
Project("{9A19103F-16F7-4668-BE54-9A1E7A4F7556}") = "Core", "Core\Core.csproj", "{A01601B0-BE0B-4339-97B3-B7FC09E7D0E8}"
EndProject
Project("{FAE04EC0-301F-11D3-BF4B-00C04F79EFBC}") = "WebAPI", "WebAPI\WebAPI.csproj", "{5B780DAC-F675-4F05-9EA6-74C8227DC53D}"
EndProject
Global
	GlobalSection(SolutionConfigurationPlatforms) = preSolution
		Debug|Any CPU = Debug|Any CPU
		Release|Any CPU = Release|Any CPU
	EndGlobalSection
	GlobalSection(ProjectConfigurationPlatforms) = postSolution
		{67E186CD-4781-400D-92C1-9944EE55B1E4}.Debug|Any CPU.ActiveCfg = Debug|Any CPU
		{67E186CD-4781-400D-92C1-9944EE55B1E4}.Debug|Any CPU.Build.0 = Debug|Any CPU
		{67E186CD-4781-400D-92C1-9944EE55B1E4}.Release|Any CPU.ActiveCfg = Release|Any CPU
		{67E186CD-4781-400D-92C1-9944EE55B1E4}.Release|Any CPU.Build.0 = Release|Any CPU
		{4E871820-64C1-4612-AD1C-137F8533A5CB}.Debug|Any CPU.ActiveCfg = Debug|Any CPU
		{4E871820-64C1-4612-AD1C-137F8533A5CB}.Debug|Any CPU.Build.0 = Debug|Any CPU
		{4E871820-64C1-4612-AD1C-137F8533A5CB}.Release|Any CPU.ActiveCfg = Release|Any CPU
		{4E871820-64C1-4612-AD1C-137F8533A5CB}.Release|Any CPU.Build.0 = Release|Any CPU
		{AD6CFB15-EE44-49B9-ABAF-EFFD6D04CAEC}.Debug|Any CPU.ActiveCfg = Debug|Any CPU
		{AD6CFB15-EE44-49B9-ABAF-EFFD6D04CAEC}.Debug|Any CPU.Build.0 = Debug|Any CPU
		{AD6CFB15-EE44-49B9-ABAF-EFFD6D04CAEC}.Release|Any CPU.ActiveCfg = Release|Any CPU
		{AD6CFB15-EE44-49B9-ABAF-EFFD6D04CAEC}.Release|Any CPU.Build.0 = Release|Any CPU
		{A01601B0-BE0B-4339-97B3-B7FC09E7D0E8}.Debug|Any CPU.ActiveCfg = Debug|Any CPU
		{A01601B0-BE0B-4339-97B3-B7FC09E7D0E8}.Debug|Any CPU.Build.0 = Debug|Any CPU
		{A01601B0-BE0B-4339-97B3-B7FC09E7D0E8}.Release|Any CPU.ActiveCfg = Release|Any CPU
		{A01601B0-BE0B-4339-97B3-B7FC09E7D0E8}.Release|Any CPU.Build.0 = Release|Any CPU
		{5B780DAC-F675-4F05-9EA6-74C8227DC53D}.Debug|Any CPU.ActiveCfg = Debug|Any CPU
		{5B780DAC-F675-4F05-9EA6-74C8227DC53D}.Debug|Any CPU.Build.0 = Debug|Any CPU
		{5B780DAC-F675-4F05-9EA6-74C8227DC53D}.Release|Any CPU.ActiveCfg = Release|Any CPU
		{5B780DAC-F675-4F05-9EA6-74C8227DC53D}.Release|Any CPU.Build.0 = Release|Any CPU
	EndGlobalSection
	GlobalSection(SolutionProperties) = preSolution
		HideSolutionNode = FALSE
	EndGlobalSection
	GlobalSection(ExtensibilityGlobals) = postSolution
		SolutionGuid = {F0EFA476-8FAA-4BC1-AA50-DBB8C366FCC3}
	EndGlobalSection
EndGlobal
